// !$*UTF8*$!
{
	archiveVersion = 1;
	classes = {
	};
	objectVersion = 56;
	objects = {

/* Begin PBXBuildFile section */
		9BD55450296E793A0057D818 /* CouponAppApp.swift in Sources */ = {isa = PBXBuildFile; fileRef = 9BD5544F296E793A0057D818 /* CouponAppApp.swift */; };
		9BD55452296E793A0057D818 /* ContentView.swift in Sources */ = {isa = PBXBuildFile; fileRef = 9BD55451296E793A0057D818 /* ContentView.swift */; };
		9BD55454296E793A0057D818 /* Assets.xcassets in Resources */ = {isa = PBXBuildFile; fileRef = 9BD55453296E793A0057D818 /* Assets.xcassets */; };
		9BD55457296E793A0057D818 /* Preview Assets.xcassets in Resources */ = {isa = PBXBuildFile; fileRef = 9BD55456296E793A0057D818 /* Preview Assets.xcassets */; };
		9BD55461296E793B0057D818 /* CouponAppTests.swift in Sources */ = {isa = PBXBuildFile; fileRef = 9BD55460296E793B0057D818 /* CouponAppTests.swift */; };
		9BD5546B296E793B0057D818 /* CouponAppUITests.swift in Sources */ = {isa = PBXBuildFile; fileRef = 9BD5546A296E793B0057D818 /* CouponAppUITests.swift */; };
		9BD5546D296E793B0057D818 /* CouponAppUITestsLaunchTests.swift in Sources */ = {isa = PBXBuildFile; fileRef = 9BD5546C296E793B0057D818 /* CouponAppUITestsLaunchTests.swift */; };
		9BD5547A296E7AF70057D818 /* GoogleService-Info.plist in Resources */ = {isa = PBXBuildFile; fileRef = 9BD55479296E7AF70057D818 /* GoogleService-Info.plist */; };
		9BD5547D296E7C0B0057D818 /* FirebaseAuth in Frameworks */ = {isa = PBXBuildFile; productRef = 9BD5547C296E7C0B0057D818 /* FirebaseAuth */; };
		9BD55483296E7D310057D818 /* LoginView.swift in Sources */ = {isa = PBXBuildFile; fileRef = 9BD55482296E7D310057D818 /* LoginView.swift */; };
/* End PBXBuildFile section */

/* Begin PBXContainerItemProxy section */
		9BD5545D296E793B0057D818 /* PBXContainerItemProxy */ = {
			isa = PBXContainerItemProxy;
			containerPortal = 9BD55444296E79390057D818 /* Project object */;
			proxyType = 1;
			remoteGlobalIDString = 9BD5544B296E79390057D818;
			remoteInfo = CouponApp;
		};
		9BD55467296E793B0057D818 /* PBXContainerItemProxy */ = {
			isa = PBXContainerItemProxy;
			containerPortal = 9BD55444296E79390057D818 /* Project object */;
			proxyType = 1;
			remoteGlobalIDString = 9BD5544B296E79390057D818;
			remoteInfo = CouponApp;
		};
/* End PBXContainerItemProxy section */

/* Begin PBXFileReference section */
		9BD5544C296E793A0057D818 /* CouponApp.app */ = {isa = PBXFileReference; explicitFileType = wrapper.application; includeInIndex = 0; path = CouponApp.app; sourceTree = BUILT_PRODUCTS_DIR; };
		9BD5544F296E793A0057D818 /* CouponAppApp.swift */ = {isa = PBXFileReference; lastKnownFileType = sourcecode.swift; path = CouponAppApp.swift; sourceTree = "<group>"; };
		9BD55451296E793A0057D818 /* ContentView.swift */ = {isa = PBXFileReference; lastKnownFileType = sourcecode.swift; path = ContentView.swift; sourceTree = "<group>"; };
		9BD55453296E793A0057D818 /* Assets.xcassets */ = {isa = PBXFileReference; lastKnownFileType = folder.assetcatalog; path = Assets.xcassets; sourceTree = "<group>"; };
		9BD55456296E793A0057D818 /* Preview Assets.xcassets */ = {isa = PBXFileReference; lastKnownFileType = folder.assetcatalog; path = "Preview Assets.xcassets"; sourceTree = "<group>"; };
		9BD5545C296E793B0057D818 /* CouponAppTests.xctest */ = {isa = PBXFileReference; explicitFileType = wrapper.cfbundle; includeInIndex = 0; path = CouponAppTests.xctest; sourceTree = BUILT_PRODUCTS_DIR; };
		9BD55460296E793B0057D818 /* CouponAppTests.swift */ = {isa = PBXFileReference; lastKnownFileType = sourcecode.swift; path = CouponAppTests.swift; sourceTree = "<group>"; };
		9BD55466296E793B0057D818 /* CouponAppUITests.xctest */ = {isa = PBXFileReference; explicitFileType = wrapper.cfbundle; includeInIndex = 0; path = CouponAppUITests.xctest; sourceTree = BUILT_PRODUCTS_DIR; };
		9BD5546A296E793B0057D818 /* CouponAppUITests.swift */ = {isa = PBXFileReference; lastKnownFileType = sourcecode.swift; path = CouponAppUITests.swift; sourceTree = "<group>"; };
		9BD5546C296E793B0057D818 /* CouponAppUITestsLaunchTests.swift */ = {isa = PBXFileReference; lastKnownFileType = sourcecode.swift; path = CouponAppUITestsLaunchTests.swift; sourceTree = "<group>"; };
		9BD55479296E7AF70057D818 /* GoogleService-Info.plist */ = {isa = PBXFileReference; fileEncoding = 4; lastKnownFileType = text.plist.xml; path = "GoogleService-Info.plist"; sourceTree = "<group>"; };
		9BD55482296E7D310057D818 /* LoginView.swift */ = {isa = PBXFileReference; lastKnownFileType = sourcecode.swift; path = LoginView.swift; sourceTree = "<group>"; };
/* End PBXFileReference section */

/* Begin PBXFrameworksBuildPhase section */
		9BD55449296E79390057D818 /* Frameworks */ = {
			isa = PBXFrameworksBuildPhase;
			buildActionMask = 2147483647;
			files = (
				9BD5547D296E7C0B0057D818 /* FirebaseAuth in Frameworks */,
			);
			runOnlyForDeploymentPostprocessing = 0;
		};
		9BD55459296E793B0057D818 /* Frameworks */ = {
			isa = PBXFrameworksBuildPhase;
			buildActionMask = 2147483647;
			files = (
			);
			runOnlyForDeploymentPostprocessing = 0;
		};
		9BD55463296E793B0057D818 /* Frameworks */ = {
			isa = PBXFrameworksBuildPhase;
			buildActionMask = 2147483647;
			files = (
			);
			runOnlyForDeploymentPostprocessing = 0;
		};
/* End PBXFrameworksBuildPhase section */

/* Begin PBXGroup section */
		9BD55443296E79390057D818 = {
			isa = PBXGroup;
			children = (
				9BD5544E296E793A0057D818 /* CouponApp */,
				9BD5545F296E793B0057D818 /* CouponAppTests */,
				9BD55469296E793B0057D818 /* CouponAppUITests */,
				9BD5544D296E793A0057D818 /* Products */,
			);
			sourceTree = "<group>";
		};
		9BD5544D296E793A0057D818 /* Products */ = {
			isa = PBXGroup;
			children = (
				9BD5544C296E793A0057D818 /* CouponApp.app */,
				9BD5545C296E793B0057D818 /* CouponAppTests.xctest */,
				9BD55466296E793B0057D818 /* CouponAppUITests.xctest */,
			);
			name = Products;
			sourceTree = "<group>";
		};
		9BD5544E296E793A0057D818 /* CouponApp */ = {
			isa = PBXGroup;
			children = (
				9BD5547F296E7CDB0057D818 /* Model */,
				9BD5547E296E7CCD0057D818 /* View */,
				9BD55479296E7AF70057D818 /* GoogleService-Info.plist */,
				9BD5544F296E793A0057D818 /* CouponAppApp.swift */,
				9BD55451296E793A0057D818 /* ContentView.swift */,
				9BD55453296E793A0057D818 /* Assets.xcassets */,
				9BD55455296E793A0057D818 /* Preview Content */,
			);
			path = CouponApp;
			sourceTree = "<group>";
		};
		9BD55455296E793A0057D818 /* Preview Content */ = {
			isa = PBXGroup;
			children = (
				9BD55456296E793A0057D818 /* Preview Assets.xcassets */,
			);
			path = "Preview Content";
			sourceTree = "<group>";
		};
		9BD5545F296E793B0057D818 /* CouponAppTests */ = {
			isa = PBXGroup;
			children = (
				9BD55460296E793B0057D818 /* CouponAppTests.swift */,
			);
			path = CouponAppTests;
			sourceTree = "<group>";
		};
		9BD55469296E793B0057D818 /* CouponAppUITests */ = {
			isa = PBXGroup;
			children = (
				9BD5546A296E793B0057D818 /* CouponAppUITests.swift */,
				9BD5546C296E793B0057D818 /* CouponAppUITestsLaunchTests.swift */,
			);
			path = CouponAppUITests;
			sourceTree = "<group>";
		};
		9BD5547E296E7CCD0057D818 /* View */ = {
			isa = PBXGroup;
			children = (
				9BD55482296E7D310057D818 /* LoginView.swift */,
			);
			path = View;
			sourceTree = "<group>";
		};
		9BD5547F296E7CDB0057D818 /* Model */ = {
			isa = PBXGroup;
			children = (
			);
			path = Model;
			sourceTree = "<group>";
		};
/* End PBXGroup section */

/* Begin PBXNativeTarget section */
		9BD5544B296E79390057D818 /* CouponApp */ = {
			isa = PBXNativeTarget;
			buildConfigurationList = 9BD55470296E793B0057D818 /* Build configuration list for PBXNativeTarget "CouponApp" */;
			buildPhases = (
				9BD55448296E79390057D818 /* Sources */,
				9BD55449296E79390057D818 /* Frameworks */,
				9BD5544A296E79390057D818 /* Resources */,
			);
			buildRules = (
			);
			dependencies = (
			);
			name = CouponApp;
			packageProductDependencies = (
				9BD5547C296E7C0B0057D818 /* FirebaseAuth */,
			);
			productName = CouponApp;
			productReference = 9BD5544C296E793A0057D818 /* CouponApp.app */;
			productType = "com.apple.product-type.application";
		};
		9BD5545B296E793B0057D818 /* CouponAppTests */ = {
			isa = PBXNativeTarget;
			buildConfigurationList = 9BD55473296E793B0057D818 /* Build configuration list for PBXNativeTarget "CouponAppTests" */;
			buildPhases = (
				9BD55458296E793B0057D818 /* Sources */,
				9BD55459296E793B0057D818 /* Frameworks */,
				9BD5545A296E793B0057D818 /* Resources */,
			);
			buildRules = (
			);
			dependencies = (
				9BD5545E296E793B0057D818 /* PBXTargetDependency */,
			);
			name = CouponAppTests;
			productName = CouponAppTests;
			productReference = 9BD5545C296E793B0057D818 /* CouponAppTests.xctest */;
			productType = "com.apple.product-type.bundle.unit-test";
		};
		9BD55465296E793B0057D818 /* CouponAppUITests */ = {
			isa = PBXNativeTarget;
			buildConfigurationList = 9BD55476296E793B0057D818 /* Build configuration list for PBXNativeTarget "CouponAppUITests" */;
			buildPhases = (
				9BD55462296E793B0057D818 /* Sources */,
				9BD55463296E793B0057D818 /* Frameworks */,
				9BD55464296E793B0057D818 /* Resources */,
			);
			buildRules = (
			);
			dependencies = (
				9BD55468296E793B0057D818 /* PBXTargetDependency */,
			);
			name = CouponAppUITests;
			productName = CouponAppUITests;
			productReference = 9BD55466296E793B0057D818 /* CouponAppUITests.xctest */;
			productType = "com.apple.product-type.bundle.ui-testing";
		};
/* End PBXNativeTarget section */

/* Begin PBXProject section */
		9BD55444296E79390057D818 /* Project object */ = {
			isa = PBXProject;
			attributes = {
				BuildIndependentTargetsInParallel = 1;
				LastSwiftUpdateCheck = 1410;
				LastUpgradeCheck = 1410;
				TargetAttributes = {
					9BD5544B296E79390057D818 = {
						CreatedOnToolsVersion = 14.1;
					};
					9BD5545B296E793B0057D818 = {
						CreatedOnToolsVersion = 14.1;
						TestTargetID = 9BD5544B296E79390057D818;
					};
					9BD55465296E793B0057D818 = {
						CreatedOnToolsVersion = 14.1;
						TestTargetID = 9BD5544B296E79390057D818;
					};
				};
			};
			buildConfigurationList = 9BD55447296E79390057D818 /* Build configuration list for PBXProject "CouponApp" */;
			compatibilityVersion = "Xcode 14.0";
			developmentRegion = en;
			hasScannedForEncodings = 0;
			knownRegions = (
				en,
				Base,
			);
			mainGroup = 9BD55443296E79390057D818;
			packageReferences = (
				9BD5547B296E7C0B0057D818 /* XCRemoteSwiftPackageReference "firebase-ios-sdk" */,
			);
			productRefGroup = 9BD5544D296E793A0057D818 /* Products */;
			projectDirPath = "";
			projectRoot = "";
			targets = (
				9BD5544B296E79390057D818 /* CouponApp */,
				9BD5545B296E793B0057D818 /* CouponAppTests */,
				9BD55465296E793B0057D818 /* CouponAppUITests */,
			);
		};
/* End PBXProject section */

/* Begin PBXResourcesBuildPhase section */
		9BD5544A296E79390057D818 /* Resources */ = {
			isa = PBXResourcesBuildPhase;
			buildActionMask = 2147483647;
			files = (
				9BD55457296E793A0057D818 /* Preview Assets.xcassets in Resources */,
				9BD55454296E793A0057D818 /* Assets.xcassets in Resources */,
				9BD5547A296E7AF70057D818 /* GoogleService-Info.plist in Resources */,
			);
			runOnlyForDeploymentPostprocessing = 0;
		};
		9BD5545A296E793B0057D818 /* Resources */ = {
			isa = PBXResourcesBuildPhase;
			buildActionMask = 2147483647;
			files = (
			);
			runOnlyForDeploymentPostprocessing = 0;
		};
		9BD55464296E793B0057D818 /* Resources */ = {
			isa = PBXResourcesBuildPhase;
			buildActionMask = 2147483647;
			files = (
			);
			runOnlyForDeploymentPostprocessing = 0;
		};
/* End PBXResourcesBuildPhase section */

/* Begin PBXSourcesBuildPhase section */
		9BD55448296E79390057D818 /* Sources */ = {
			isa = PBXSourcesBuildPhase;
			buildActionMask = 2147483647;
			files = (
				9BD55483296E7D310057D818 /* LoginView.swift in Sources */,
				9BD55452296E793A0057D818 /* ContentView.swift in Sources */,
				9BD55450296E793A0057D818 /* CouponAppApp.swift in Sources */,
			);
			runOnlyForDeploymentPostprocessing = 0;
		};
		9BD55458296E793B0057D818 /* Sources */ = {
			isa = PBXSourcesBuildPhase;
			buildActionMask = 2147483647;
			files = (
				9BD55461296E793B0057D818 /* CouponAppTests.swift in Sources */,
			);
			runOnlyForDeploymentPostprocessing = 0;
		};
		9BD55462296E793B0057D818 /* Sources */ = {
			isa = PBXSourcesBuildPhase;
			buildActionMask = 2147483647;
			files = (
				9BD5546D296E793B0057D818 /* CouponAppUITestsLaunchTests.swift in Sources */,
				9BD5546B296E793B0057D818 /* CouponAppUITests.swift in Sources */,
			);
			runOnlyForDeploymentPostprocessing = 0;
		};
/* End PBXSourcesBuildPhase section */

/* Begin PBXTargetDependency section */
		9BD5545E296E793B0057D818 /* PBXTargetDependency */ = {
			isa = PBXTargetDependency;
			target = 9BD5544B296E79390057D818 /* CouponApp */;
			targetProxy = 9BD5545D296E793B0057D818 /* PBXContainerItemProxy */;
		};
		9BD55468296E793B0057D818 /* PBXTargetDependency */ = {
			isa = PBXTargetDependency;
			target = 9BD5544B296E79390057D818 /* CouponApp */;
			targetProxy = 9BD55467296E793B0057D818 /* PBXContainerItemProxy */;
		};
/* End PBXTargetDependency section */

/* Begin XCBuildConfiguration section */
		9BD5546E296E793B0057D818 /* Debug */ = {
			isa = XCBuildConfiguration;
			buildSettings = {
				ALWAYS_SEARCH_USER_PATHS = NO;
				CLANG_ANALYZER_NONNULL = YES;
				CLANG_ANALYZER_NUMBER_OBJECT_CONVERSION = YES_AGGRESSIVE;
				CLANG_CXX_LANGUAGE_STANDARD = "gnu++20";
				CLANG_ENABLE_MODULES = YES;
				CLANG_ENABLE_OBJC_ARC = YES;
				CLANG_ENABLE_OBJC_WEAK = YES;
				CLANG_WARN_BLOCK_CAPTURE_AUTORELEASING = YES;
				CLANG_WARN_BOOL_CONVERSION = YES;
				CLANG_WARN_COMMA = YES;
				CLANG_WARN_CONSTANT_CONVERSION = YES;
				CLANG_WARN_DEPRECATED_OBJC_IMPLEMENTATIONS = YES;
				CLANG_WARN_DIRECT_OBJC_ISA_USAGE = YES_ERROR;
				CLANG_WARN_DOCUMENTATION_COMMENTS = YES;
				CLANG_WARN_EMPTY_BODY = YES;
				CLANG_WARN_ENUM_CONVERSION = YES;
				CLANG_WARN_INFINITE_RECURSION = YES;
				CLANG_WARN_INT_CONVERSION = YES;
				CLANG_WARN_NON_LITERAL_NULL_CONVERSION = YES;
				CLANG_WARN_OBJC_IMPLICIT_RETAIN_SELF = YES;
				CLANG_WARN_OBJC_LITERAL_CONVERSION = YES;
				CLANG_WARN_OBJC_ROOT_CLASS = YES_ERROR;
				CLANG_WARN_QUOTED_INCLUDE_IN_FRAMEWORK_HEADER = YES;
				CLANG_WARN_RANGE_LOOP_ANALYSIS = YES;
				CLANG_WARN_STRICT_PROTOTYPES = YES;
				CLANG_WARN_SUSPICIOUS_MOVE = YES;
				CLANG_WARN_UNGUARDED_AVAILABILITY = YES_AGGRESSIVE;
				CLANG_WARN_UNREACHABLE_CODE = YES;
				CLANG_WARN__DUPLICATE_METHOD_MATCH = YES;
				COPY_PHASE_STRIP = NO;
				DEBUG_INFORMATION_FORMAT = dwarf;
				ENABLE_STRICT_OBJC_MSGSEND = YES;
				ENABLE_TESTABILITY = YES;
				GCC_C_LANGUAGE_STANDARD = gnu11;
				GCC_DYNAMIC_NO_PIC = NO;
				GCC_NO_COMMON_BLOCKS = YES;
				GCC_OPTIMIZATION_LEVEL = 0;
				GCC_PREPROCESSOR_DEFINITIONS = (
					"DEBUG=1",
					"$(inherited)",
				);
				GCC_WARN_64_TO_32_BIT_CONVERSION = YES;
				GCC_WARN_ABOUT_RETURN_TYPE = YES_ERROR;
				GCC_WARN_UNDECLARED_SELECTOR = YES;
				GCC_WARN_UNINITIALIZED_AUTOS = YES_AGGRESSIVE;
				GCC_WARN_UNUSED_FUNCTION = YES;
				GCC_WARN_UNUSED_VARIABLE = YES;
				IPHONEOS_DEPLOYMENT_TARGET = 16.1;
				MTL_ENABLE_DEBUG_INFO = INCLUDE_SOURCE;
				MTL_FAST_MATH = YES;
				ONLY_ACTIVE_ARCH = YES;
				SDKROOT = iphoneos;
				SWIFT_ACTIVE_COMPILATION_CONDITIONS = DEBUG;
				SWIFT_OPTIMIZATION_LEVEL = "-Onone";
			};
			name = Debug;
		};
		9BD5546F296E793B0057D818 /* Release */ = {
			isa = XCBuildConfiguration;
			buildSettings = {
				ALWAYS_SEARCH_USER_PATHS = NO;
				CLANG_ANALYZER_NONNULL = YES;
				CLANG_ANALYZER_NUMBER_OBJECT_CONVERSION = YES_AGGRESSIVE;
				CLANG_CXX_LANGUAGE_STANDARD = "gnu++20";
				CLANG_ENABLE_MODULES = YES;
				CLANG_ENABLE_OBJC_ARC = YES;
				CLANG_ENABLE_OBJC_WEAK = YES;
				CLANG_WARN_BLOCK_CAPTURE_AUTORELEASING = YES;
				CLANG_WARN_BOOL_CONVERSION = YES;
				CLANG_WARN_COMMA = YES;
				CLANG_WARN_CONSTANT_CONVERSION = YES;
				CLANG_WARN_DEPRECATED_OBJC_IMPLEMENTATIONS = YES;
				CLANG_WARN_DIRECT_OBJC_ISA_USAGE = YES_ERROR;
				CLANG_WARN_DOCUMENTATION_COMMENTS = YES;
				CLANG_WARN_EMPTY_BODY = YES;
				CLANG_WARN_ENUM_CONVERSION = YES;
				CLANG_WARN_INFINITE_RECURSION = YES;
				CLANG_WARN_INT_CONVERSION = YES;
				CLANG_WARN_NON_LITERAL_NULL_CONVERSION = YES;
				CLANG_WARN_OBJC_IMPLICIT_RETAIN_SELF = YES;
				CLANG_WARN_OBJC_LITERAL_CONVERSION = YES;
				CLANG_WARN_OBJC_ROOT_CLASS = YES_ERROR;
				CLANG_WARN_QUOTED_INCLUDE_IN_FRAMEWORK_HEADER = YES;
				CLANG_WARN_RANGE_LOOP_ANALYSIS = YES;
				CLANG_WARN_STRICT_PROTOTYPES = YES;
				CLANG_WARN_SUSPICIOUS_MOVE = YES;
				CLANG_WARN_UNGUARDED_AVAILABILITY = YES_AGGRESSIVE;
				CLANG_WARN_UNREACHABLE_CODE = YES;
				CLANG_WARN__DUPLICATE_METHOD_MATCH = YES;
				COPY_PHASE_STRIP = NO;
				DEBUG_INFORMATION_FORMAT = "dwarf-with-dsym";
				ENABLE_NS_ASSERTIONS = NO;
				ENABLE_STRICT_OBJC_MSGSEND = YES;
				GCC_C_LANGUAGE_STANDARD = gnu11;
				GCC_NO_COMMON_BLOCKS = YES;
				GCC_WARN_64_TO_32_BIT_CONVERSION = YES;
				GCC_WARN_ABOUT_RETURN_TYPE = YES_ERROR;
				GCC_WARN_UNDECLARED_SELECTOR = YES;
				GCC_WARN_UNINITIALIZED_AUTOS = YES_AGGRESSIVE;
				GCC_WARN_UNUSED_FUNCTION = YES;
				GCC_WARN_UNUSED_VARIABLE = YES;
				IPHONEOS_DEPLOYMENT_TARGET = 16.1;
				MTL_ENABLE_DEBUG_INFO = NO;
				MTL_FAST_MATH = YES;
				SDKROOT = iphoneos;
				SWIFT_COMPILATION_MODE = wholemodule;
				SWIFT_OPTIMIZATION_LEVEL = "-O";
				VALIDATE_PRODUCT = YES;
			};
			name = Release;
		};
		9BD55471296E793B0057D818 /* Debug */ = {
			isa = XCBuildConfiguration;
			buildSettings = {
				ASSETCATALOG_COMPILER_APPICON_NAME = AppIcon;
				ASSETCATALOG_COMPILER_GLOBAL_ACCENT_COLOR_NAME = AccentColor;
				CODE_SIGN_STYLE = Automatic;
				CURRENT_PROJECT_VERSION = 1;
				DEVELOPMENT_ASSET_PATHS = "\"CouponApp/Preview Content\"";
				DEVELOPMENT_TEAM = V4C4S9YXFY;
				ENABLE_PREVIEWS = YES;
				GENERATE_INFOPLIST_FILE = YES;
				INFOPLIST_KEY_UIApplicationSceneManifest_Generation = YES;
				INFOPLIST_KEY_UIApplicationSupportsIndirectInputEvents = YES;
				INFOPLIST_KEY_UILaunchScreen_Generation = YES;
				INFOPLIST_KEY_UISupportedInterfaceOrientations_iPad = "UIInterfaceOrientationPortrait UIInterfaceOrientationPortraitUpsideDown UIInterfaceOrientationLandscapeLeft UIInterfaceOrientationLandscapeRight";
				INFOPLIST_KEY_UISupportedInterfaceOrientations_iPhone = "UIInterfaceOrientationPortrait UIInterfaceOrientationLandscapeLeft UIInterfaceOrientationLandscapeRight";
				LD_RUNPATH_SEARCH_PATHS = (
					"$(inherited)",
					"@executable_path/Frameworks",
				);
				MARKETING_VERSION = 1.0;
				PRODUCT_BUNDLE_IDENTIFIER = TonyMinh.CouponApp;
				PRODUCT_NAME = "$(TARGET_NAME)";
				SWIFT_EMIT_LOC_STRINGS = YES;
				SWIFT_VERSION = 5.0;
				TARGETED_DEVICE_FAMILY = "1,2";
			};
			name = Debug;
		};
		9BD55472296E793B0057D818 /* Release */ = {
			isa = XCBuildConfiguration;
			buildSettings = {
				ASSETCATALOG_COMPILER_APPICON_NAME = AppIcon;
				ASSETCATALOG_COMPILER_GLOBAL_ACCENT_COLOR_NAME = AccentColor;
				CODE_SIGN_STYLE = Automatic;
				CURRENT_PROJECT_VERSION = 1;
				DEVELOPMENT_ASSET_PATHS = "\"CouponApp/Preview Content\"";
				DEVELOPMENT_TEAM = V4C4S9YXFY;
				ENABLE_PREVIEWS = YES;
				GENERATE_INFOPLIST_FILE = YES;
				INFOPLIST_KEY_UIApplicationSceneManifest_Generation = YES;
				INFOPLIST_KEY_UIApplicationSupportsIndirectInputEvents = YES;
				INFOPLIST_KEY_UILaunchScreen_Generation = YES;
				INFOPLIST_KEY_UISupportedInterfaceOrientations_iPad = "UIInterfaceOrientationPortrait UIInterfaceOrientationPortraitUpsideDown UIInterfaceOrientationLandscapeLeft UIInterfaceOrientationLandscapeRight";
				INFOPLIST_KEY_UISupportedInterfaceOrientations_iPhone = "UIInterfaceOrientationPortrait UIInterfaceOrientationLandscapeLeft UIInterfaceOrientationLandscapeRight";
				LD_RUNPATH_SEARCH_PATHS = (
					"$(inherited)",
					"@executable_path/Frameworks",
				);
				MARKETING_VERSION = 1.0;
				PRODUCT_BUNDLE_IDENTIFIER = TonyMinh.CouponApp;
				PRODUCT_NAME = "$(TARGET_NAME)";
				SWIFT_EMIT_LOC_STRINGS = YES;
				SWIFT_VERSION = 5.0;
				TARGETED_DEVICE_FAMILY = "1,2";
			};
			name = Release;
		};
		9BD55474296E793B0057D818 /* Debug */ = {
			isa = XCBuildConfiguration;
			buildSettings = {
				ALWAYS_EMBED_SWIFT_STANDARD_LIBRARIES = YES;
				BUNDLE_LOADER = "$(TEST_HOST)";
				CODE_SIGN_STYLE = Automatic;
				CURRENT_PROJECT_VERSION = 1;
				GENERATE_INFOPLIST_FILE = YES;
				IPHONEOS_DEPLOYMENT_TARGET = 16.1;
				MARKETING_VERSION = 1.0;
				PRODUCT_BUNDLE_IDENTIFIER = TonyMinh.CouponAppTests;
				PRODUCT_NAME = "$(TARGET_NAME)";
				SWIFT_EMIT_LOC_STRINGS = NO;
				SWIFT_VERSION = 5.0;
				TARGETED_DEVICE_FAMILY = "1,2";
				TEST_HOST = "$(BUILT_PRODUCTS_DIR)/CouponApp.app/$(BUNDLE_EXECUTABLE_FOLDER_PATH)/CouponApp";
			};
			name = Debug;
		};
		9BD55475296E793B0057D818 /* Release */ = {
			isa = XCBuildConfiguration;
			buildSettings = {
				ALWAYS_EMBED_SWIFT_STANDARD_LIBRARIES = YES;
				BUNDLE_LOADER = "$(TEST_HOST)";
				CODE_SIGN_STYLE = Automatic;
				CURRENT_PROJECT_VERSION = 1;
				GENERATE_INFOPLIST_FILE = YES;
				IPHONEOS_DEPLOYMENT_TARGET = 16.1;
				MARKETING_VERSION = 1.0;
				PRODUCT_BUNDLE_IDENTIFIER = TonyMinh.CouponAppTests;
				PRODUCT_NAME = "$(TARGET_NAME)";
				SWIFT_EMIT_LOC_STRINGS = NO;
				SWIFT_VERSION = 5.0;
				TARGETED_DEVICE_FAMILY = "1,2";
				TEST_HOST = "$(BUILT_PRODUCTS_DIR)/CouponApp.app/$(BUNDLE_EXECUTABLE_FOLDER_PATH)/CouponApp";
			};
			name = Release;
		};
		9BD55477296E793B0057D818 /* Debug */ = {
			isa = XCBuildConfiguration;
			buildSettings = {
				ALWAYS_EMBED_SWIFT_STANDARD_LIBRARIES = YES;
				CODE_SIGN_STYLE = Automatic;
				CURRENT_PROJECT_VERSION = 1;
				GENERATE_INFOPLIST_FILE = YES;
				MARKETING_VERSION = 1.0;
				PRODUCT_BUNDLE_IDENTIFIER = TonyMinh.CouponAppUITests;
				PRODUCT_NAME = "$(TARGET_NAME)";
				SWIFT_EMIT_LOC_STRINGS = NO;
				SWIFT_VERSION = 5.0;
				TARGETED_DEVICE_FAMILY = "1,2";
				TEST_TARGET_NAME = CouponApp;
			};
			name = Debug;
		};
		9BD55478296E793B0057D818 /* Release */ = {
			isa = XCBuildConfiguration;
			buildSettings = {
				ALWAYS_EMBED_SWIFT_STANDARD_LIBRARIES = YES;
				CODE_SIGN_STYLE = Automatic;
				CURRENT_PROJECT_VERSION = 1;
				GENERATE_INFOPLIST_FILE = YES;
				MARKETING_VERSION = 1.0;
				PRODUCT_BUNDLE_IDENTIFIER = TonyMinh.CouponAppUITests;
				PRODUCT_NAME = "$(TARGET_NAME)";
				SWIFT_EMIT_LOC_STRINGS = NO;
				SWIFT_VERSION = 5.0;
				TARGETED_DEVICE_FAMILY = "1,2";
				TEST_TARGET_NAME = CouponApp;
			};
			name = Release;
		};
/* End XCBuildConfiguration section */

/* Begin XCConfigurationList section */
		9BD55447296E79390057D818 /* Build configuration list for PBXProject "CouponApp" */ = {
			isa = XCConfigurationList;
			buildConfigurations = (
				9BD5546E296E793B0057D818 /* Debug */,
				9BD5546F296E793B0057D818 /* Release */,
			);
			defaultConfigurationIsVisible = 0;
			defaultConfigurationName = Release;
		};
		9BD55470296E793B0057D818 /* Build configuration list for PBXNativeTarget "CouponApp" */ = {
			isa = XCConfigurationList;
			buildConfigurations = (
				9BD55471296E793B0057D818 /* Debug */,
				9BD55472296E793B0057D818 /* Release */,
			);
			defaultConfigurationIsVisible = 0;
			defaultConfigurationName = Release;
		};
		9BD55473296E793B0057D818 /* Build configuration list for PBXNativeTarget "CouponAppTests" */ = {
			isa = XCConfigurationList;
			buildConfigurations = (
				9BD55474296E793B0057D818 /* Debug */,
				9BD55475296E793B0057D818 /* Release */,
			);
			defaultConfigurationIsVisible = 0;
			defaultConfigurationName = Release;
		};
		9BD55476296E793B0057D818 /* Build configuration list for PBXNativeTarget "CouponAppUITests" */ = {
			isa = XCConfigurationList;
			buildConfigurations = (
				9BD55477296E793B0057D818 /* Debug */,
				9BD55478296E793B0057D818 /* Release */,
			);
			defaultConfigurationIsVisible = 0;
			defaultConfigurationName = Release;
		};
/* End XCConfigurationList section */

/* Begin XCRemoteSwiftPackageReference section */
		9BD5547B296E7C0B0057D818 /* XCRemoteSwiftPackageReference "firebase-ios-sdk" */ = {
			isa = XCRemoteSwiftPackageReference;
			repositoryURL = "https://github.com/firebase/firebase-ios-sdk";
			requirement = {
				kind = upToNextMajorVersion;
				minimumVersion = 9.0.0;
			};
		};
/* End XCRemoteSwiftPackageReference section */

/* Begin XCSwiftPackageProductDependency section */
		9BD5547C296E7C0B0057D818 /* FirebaseAuth */ = {
			isa = XCSwiftPackageProductDependency;
			package = 9BD5547B296E7C0B0057D818 /* XCRemoteSwiftPackageReference "firebase-ios-sdk" */;
			productName = FirebaseAuth;
		};
/* End XCSwiftPackageProductDependency section */
	};
	rootObject = 9BD55444296E79390057D818 /* Project object */;
}
